
Microsoft Visual Studio Solution File, Format Version 12.00
# Visual Studio Version 17
VisualStudioVersion = 17.2.32630.192
MinimumVisualStudioVersion = 10.0.40219.1
Project("{8BC9CEB8-8B4A-11D0-8D11-00A0C91BC942}") = "Lab-1", "Lab-1\Lab-1.vcxproj", "{5EC00F9E-DF68-4C77-9311-27102B2A4A86}"
EndProject
Project("{8BC9CEB8-8B4A-11D0-8D11-00A0C91BC942}") = "Lab-2", "Lab-2\Lab-2.vcxproj", "{13C12E42-AA91-4278-95AC-3554E1732B01}"
EndProject
Project("{8BC9CEB8-8B4A-11D0-8D11-00A0C91BC942}") = "Lab-3", "Lab-3\Lab-3.vcxproj", "{071C7380-630B-43AB-946D-006EF0A61FA9}"
EndProject
Project("{8BC9CEB8-8B4A-11D0-8D11-00A0C91BC942}") = "Lab-4", "Lab-4\Lab-4.vcxproj", "{C13E25D0-C726-4B71-B65F-E45F6E0F16A0}"
EndProject
Project("{8BC9CEB8-8B4A-11D0-8D11-00A0C91BC942}") = "Lab-5", "Lab-5\Lab-5.vcxproj", "{7B5F0B52-F8C8-4135-BF80-B555E80AD2A5}"
EndProject
Project("{8BC9CEB8-8B4A-11D0-8D11-00A0C91BC942}") = "Lab-7", "Lab-7\Lab-7.vcxproj", "{8C7AF3D6-3846-4A33-B639-6AEA99788067}"
EndProject
Project("{8BC9CEB8-8B4A-11D0-8D11-00A0C91BC942}") = "Lab-6", "Lab-6\Lab-6.vcxproj", "{870124DC-48F0-4A63-B9D8-D5EC0D67F3B5}"
EndProject
Global
	GlobalSection(SolutionConfigurationPlatforms) = preSolution
		Debug|x64 = Debug|x64
		Debug|x86 = Debug|x86
		Release|x64 = Release|x64
		Release|x86 = Release|x86
	EndGlobalSection
	GlobalSection(ProjectConfigurationPlatforms) = postSolution
		{5EC00F9E-DF68-4C77-9311-27102B2A4A86}.Debug|x64.ActiveCfg = Debug|x64
		{5EC00F9E-DF68-4C77-9311-27102B2A4A86}.Debug|x64.Build.0 = Debug|x64
		{5EC00F9E-DF68-4C77-9311-27102B2A4A86}.Debug|x86.ActiveCfg = Debug|Win32
		{5EC00F9E-DF68-4C77-9311-27102B2A4A86}.Debug|x86.Build.0 = Debug|Win32
		{5EC00F9E-DF68-4C77-9311-27102B2A4A86}.Release|x64.ActiveCfg = Release|x64
		{5EC00F9E-DF68-4C77-9311-27102B2A4A86}.Release|x64.Build.0 = Release|x64
		{5EC00F9E-DF68-4C77-9311-27102B2A4A86}.Release|x86.ActiveCfg = Release|Win32
		{5EC00F9E-DF68-4C77-9311-27102B2A4A86}.Release|x86.Build.0 = Release|Win32
		{13C12E42-AA91-4278-95AC-3554E1732B01}.Debug|x64.ActiveCfg = Debug|x64
		{13C12E42-AA91-4278-95AC-3554E1732B01}.Debug|x64.Build.0 = Debug|x64
		{13C12E42-AA91-4278-95AC-3554E1732B01}.Debug|x86.ActiveCfg = Debug|Win32
		{13C12E42-AA91-4278-95AC-3554E1732B01}.Debug|x86.Build.0 = Debug|Win32
		{13C12E42-AA91-4278-95AC-3554E1732B01}.Release|x64.ActiveCfg = Release|x64
		{13C12E42-AA91-4278-95AC-3554E1732B01}.Release|x64.Build.0 = Release|x64
		{13C12E42-AA91-4278-95AC-3554E1732B01}.Release|x86.ActiveCfg = Release|Win32
		{13C12E42-AA91-4278-95AC-3554E1732B01}.Release|x86.Build.0 = Release|Win32
		{071C7380-630B-43AB-946D-006EF0A61FA9}.Debug|x64.ActiveCfg = Debug|x64
		{071C7380-630B-43AB-946D-006EF0A61FA9}.Debug|x64.Build.0 = Debug|x64
		{071C7380-630B-43AB-946D-006EF0A61FA9}.Debug|x86.ActiveCfg = Debug|Win32
		{071C7380-630B-43AB-946D-006EF0A61FA9}.Debug|x86.Build.0 = Debug|Win32
		{071C7380-630B-43AB-946D-006EF0A61FA9}.Release|x64.ActiveCfg = Release|x64
		{071C7380-630B-43AB-946D-006EF0A61FA9}.Release|x64.Build.0 = Release|x64
		{071C7380-630B-43AB-946D-006EF0A61FA9}.Release|x86.ActiveCfg = Release|Win32
		{071C7380-630B-43AB-946D-006EF0A61FA9}.Release|x86.Build.0 = Release|Win32
		{C13E25D0-C726-4B71-B65F-E45F6E0F16A0}.Debug|x64.ActiveCfg = Debug|x64
		{C13E25D0-C726-4B71-B65F-E45F6E0F16A0}.Debug|x64.Build.0 = Debug|x64
		{C13E25D0-C726-4B71-B65F-E45F6E0F16A0}.Debug|x86.ActiveCfg = Debug|Win32
		{C13E25D0-C726-4B71-B65F-E45F6E0F16A0}.Debug|x86.Build.0 = Debug|Win32
		{C13E25D0-C726-4B71-B65F-E45F6E0F16A0}.Release|x64.ActiveCfg = Release|x64
		{C13E25D0-C726-4B71-B65F-E45F6E0F16A0}.Release|x64.Build.0 = Release|x64
		{C13E25D0-C726-4B71-B65F-E45F6E0F16A0}.Release|x86.ActiveCfg = Release|Win32
		{C13E25D0-C726-4B71-B65F-E45F6E0F16A0}.Release|x86.Build.0 = Release|Win32
		{7B5F0B52-F8C8-4135-BF80-B555E80AD2A5}.Debug|x64.ActiveCfg = Debug|x64
		{7B5F0B52-F8C8-4135-BF80-B555E80AD2A5}.Debug|x64.Build.0 = Debug|x64
		{7B5F0B52-F8C8-4135-BF80-B555E80AD2A5}.Debug|x86.ActiveCfg = Debug|Win32
		{7B5F0B52-F8C8-4135-BF80-B555E80AD2A5}.Debug|x86.Build.0 = Debug|Win32
		{7B5F0B52-F8C8-4135-BF80-B555E80AD2A5}.Release|x64.ActiveCfg = Release|x64
		{7B5F0B52-F8C8-4135-BF80-B555E80AD2A5}.Release|x64.Build.0 = Release|x64
		{7B5F0B52-F8C8-4135-BF80-B555E80AD2A5}.Release|x86.ActiveCfg = Release|Win32
		{7B5F0B52-F8C8-4135-BF80-B555E80AD2A5}.Release|x86.Build.0 = Release|Win32
		{8C7AF3D6-3846-4A33-B639-6AEA99788067}.Debug|x64.ActiveCfg = Debug|x64
		{8C7AF3D6-3846-4A33-B639-6AEA99788067}.Debug|x64.Build.0 = Debug|x64
		{8C7AF3D6-3846-4A33-B639-6AEA99788067}.Debug|x86.ActiveCfg = Debug|Win32
		{8C7AF3D6-3846-4A33-B639-6AEA99788067}.Debug|x86.Build.0 = Debug|Win32
		{8C7AF3D6-3846-4A33-B639-6AEA99788067}.Release|x64.ActiveCfg = Release|x64
		{8C7AF3D6-3846-4A33-B639-6AEA99788067}.Release|x64.Build.0 = Release|x64
		{8C7AF3D6-3846-4A33-B639-6AEA99788067}.Release|x86.ActiveCfg = Release|Win32
		{8C7AF3D6-3846-4A33-B639-6AEA99788067}.Release|x86.Build.0 = Release|Win32
		{870124DC-48F0-4A63-B9D8-D5EC0D67F3B5}.Debug|x64.ActiveCfg = Debug|x64
		{870124DC-48F0-4A63-B9D8-D5EC0D67F3B5}.Debug|x64.Build.0 = Debug|x64
		{870124DC-48F0-4A63-B9D8-D5EC0D67F3B5}.Debug|x86.ActiveCfg = Debug|Win32
		{870124DC-48F0-4A63-B9D8-D5EC0D67F3B5}.Debug|x86.Build.0 = Debug|Win32
		{870124DC-48F0-4A63-B9D8-D5EC0D67F3B5}.Release|x64.ActiveCfg = Release|x64
		{870124DC-48F0-4A63-B9D8-D5EC0D67F3B5}.Release|x64.Build.0 = Release|x64
		{870124DC-48F0-4A63-B9D8-D5EC0D67F3B5}.Release|x86.ActiveCfg = Release|Win32
		{870124DC-48F0-4A63-B9D8-D5EC0D67F3B5}.Release|x86.Build.0 = Release|Win32
	EndGlobalSection
	GlobalSection(SolutionProperties) = preSolution
		HideSolutionNode = FALSE
	EndGlobalSection
	GlobalSection(ExtensibilityGlobals) = postSolution
		SolutionGuid = {A6AE4F9B-FE7A-4EFE-A68B-334EAFFEDB18}
	EndGlobalSection
EndGlobal
